
Microsoft Visual Studio Solution File, Format Version 12.00
# Visual Studio 15
Project("{FAE04EC0-301F-11D3-BF4B-00C04F79EFBC}") = "serv1", "serv1\serv1.csproj", "{74208442-91DA-47DC-AAC8-32EE4AC5CD83}"
EndProject
Global
	GlobalSection(SolutionConfigurationPlatforms) = preSolution
		Debug|Any CPU = Debug|Any CPU
		Release|Any CPU = Release|Any CPU
	EndGlobalSection
	GlobalSection(ProjectConfigurationPlatforms) = postSolution
		{74208442-91DA-47DC-AAC8-32EE4AC5CD83}.Debug|Any CPU.ActiveCfg = Debug|Any CPU
		{74208442-91DA-47DC-AAC8-32EE4AC5CD83}.Debug|Any CPU.Build.0 = Debug|Any CPU
		{74208442-91DA-47DC-AAC8-32EE4AC5CD83}.Release|Any CPU.ActiveCfg = Release|Any CPU
		{74208442-91DA-47DC-AAC8-32EE4AC5CD83}.Release|Any CPU.Build.0 = Release|Any CPU
	EndGlobalSection
EndGlobal
